<?xml version="1.0" encoding="UTF-8"?>
<Scheme
   LastUpgradeVersion = "0630"
   version = "1.3">
   <BuildAction
      parallelizeBuildables = "YES"
      buildImplicitDependencies = "YES">
      <BuildActionEntries>
         <BuildActionEntry
            buildForTesting = "YES"
            buildForRunning = "YES"
            buildForProfiling = "YES"
            buildForArchiving = "YES"
            buildForAnalyzing = "YES">
            <BuildableReference
               BuildableIdentifier = "primary"
               BlueprintIdentifier = "181C12191B3CB5BA00F731AB"
               BuildableName = "WTBank ObjC WatchKit App.app"
               BlueprintName = "WTBank ObjC WatchKit App"
               ReferencedContainer = "container:ObjCSample.xcodeproj">
            </BuildableReference>
         </BuildActionEntry>
         <BuildActionEntry
            buildForTesting = "YES"
            buildForRunning = "YES"
            buildForProfiling = "YES"
            buildForArchiving = "YES"
            buildForAnalyzing = "YES">
            <BuildableReference
               BuildableIdentifier = "primary"
               BlueprintIdentifier = "181C120E1B3CB5BA00F731AB"
               BuildableName = "WTBank ObjC WatchKit Extension.appex"
               BlueprintName = "WTBank ObjC WatchKit Extension"
               ReferencedContainer = "container:ObjCSample.xcodeproj">
            </BuildableReference>
         </BuildActionEntry>
         <BuildActionEntry
            buildForTesting = "YES"
            buildForRunning = "YES"
            buildForProfiling = "YES"
            buildForArchiving = "YES"
            buildForAnalyzing = "YES">
            <BuildableReference
               BuildableIdentifier = "primary"
               BlueprintIdentifier = "18BE37291B39F7D0009AFE2D"
               BuildableName = "ObjCSample.app"
               BlueprintName = "ObjCSample"
               ReferencedContainer = "container:ObjCSample.xcodeproj">
            </BuildableReference>
         </BuildActionEntry>
      </BuildActionEntries>
   </BuildAction>
   <TestAction
      selectedDebuggerIdentifier = "Xcode.DebuggerFoundation.Debugger.LLDB"
      selectedLauncherIdentifier = "Xcode.DebuggerFoundation.Launcher.LLDB"
      shouldUseLaunchSchemeArgsEnv = "YES"
      buildConfiguration = "Debug">
      <Testables>
      </Testables>
      <MacroExpansion>
         <BuildableReference
            BuildableIdentifier = "primary"
            BlueprintIdentifier = "181C12191B3CB5BA00F731AB"
            BuildableName = "WTBank ObjC WatchKit App.app"
            BlueprintName = "WTBank ObjC WatchKit App"
            ReferencedContainer = "container:ObjCSample.xcodeproj">
         </BuildableReference>
      </MacroExpansion>
   </TestAction>
   <LaunchAction
      selectedDebuggerIdentifier = "Xcode.DebuggerFoundation.Debugger.LLDB"
      selectedLauncherIdentifier = "Xcode.DebuggerFoundation.Launcher.LLDB"
      launchStyle = "0"
      useCustomWorkingDirectory = "NO"
      buildConfiguration = "Debug"
      ignoresPersistentStateOnLaunch = "NO"
      debugDocumentVersioning = "YES"
      allowLocationSimulation = "YES">
      <RemoteRunnable
         runnableDebuggingMode = "2"
         BundleIdentifier = "com.apple.springboard"
         RemotePath = "/WTBank ObjC">
         <BuildableReference
            BuildableIdentifier = "primary"
            BlueprintIdentifier = "181C12191B3CB5BA00F731AB"
            BuildableName = "WTBank ObjC WatchKit App.app"
            BlueprintName = "WTBank ObjC WatchKit App"
            ReferencedContainer = "container:ObjCSample.xcodeproj">
         </BuildableReference>
      </RemoteRunnable>
      <MacroExpansion>
         <BuildableReference
            BuildableIdentifier = "primary"
            BlueprintIdentifier = "181C12191B3CB5BA00F731AB"
            BuildableName = "WTBank ObjC WatchKit App.app"
            BlueprintName = "WTBank ObjC WatchKit App"
            ReferencedContainer = "container:ObjCSample.xcodeproj">
         </BuildableReference>
      </MacroExpansion>
      <AdditionalOptions>
      </AdditionalOptions>
   </LaunchAction>
   <ProfileAction
      shouldUseLaunchSchemeArgsEnv = "YES"
      savedToolIdentifier = ""
      useCustomWorkingDirectory = "NO"
      buildConfiguration = "Release"
      debugDocumentVersioning = "YES">
      <RemoteRunnable
         runnableDebuggingMode = "2"
         BundleIdentifier = "com.apple.springboard"
         RemotePath = "/WTBank ObjC">
         <BuildableReference
            BuildableIdentifier = "primary"
            BlueprintIdentifier = "181C12191B3CB5BA00F731AB"
            BuildableName = "WTBank ObjC WatchKit App.app"
            BlueprintName = "WTBank ObjC WatchKit App"
            ReferencedContainer = "container:ObjCSample.xcodeproj">
         </BuildableReference>
      </RemoteRunnable>
      <MacroExpansion>
         <BuildableReference
            BuildableIdentifier = "primary"
            BlueprintIdentifier = "181C12191B3CB5BA00F731AB"
            BuildableName = "WTBank ObjC WatchKit App.app"
            BlueprintName = "WTBank ObjC WatchKit App"
            ReferencedContainer = "container:ObjCSample.xcodeproj">
         </BuildableReference>
      </MacroExpansion>
   </ProfileAction>
   <AnalyzeAction
      buildConfiguration = "Debug">
   </AnalyzeAction>
   <ArchiveAction
      buildConfiguration = "Release"
      revealArchiveInOrganizer = "YES">
   </ArchiveAction>
</Scheme>
