// !$*UTF8*$!
{
	archiveVersion = 1;
	classes = {
	};
	objectVersion = 46;
	objects = {

/* Begin PBXBuildFile section */
		1806558C1B34D9B700845CFF /* AppDelegate.swift in Sources */ = {isa = PBXBuildFile; fileRef = 1806558B1B34D9B700845CFF /* AppDelegate.swift */; };
		1806558E1B34D9B700845CFF /* LoginViewController.swift in Sources */ = {isa = PBXBuildFile; fileRef = 1806558D1B34D9B700845CFF /* LoginViewController.swift */; };
		180655911B34D9B700845CFF /* Main.storyboard in Resources */ = {isa = PBXBuildFile; fileRef = 1806558F1B34D9B700845CFF /* Main.storyboard */; };
		180655931B34D9B700845CFF /* Images.xcassets in Resources */ = {isa = PBXBuildFile; fileRef = 180655921B34D9B700845CFF /* Images.xcassets */; };
		180655961B34D9B700845CFF /* LaunchScreen.xib in Resources */ = {isa = PBXBuildFile; fileRef = 180655941B34D9B700845CFF /* LaunchScreen.xib */; };
		180655A21B34D9B700845CFF /* SwiftSampleTests.swift in Sources */ = {isa = PBXBuildFile; fileRef = 180655A11B34D9B700845CFF /* SwiftSampleTests.swift */; };
		180655AD1B34DBCF00845CFF /* webtrends.plist in Resources */ = {isa = PBXBuildFile; fileRef = 180655AC1B34DBCF00845CFF /* webtrends.plist */; };
		180EDD701B3882C600F109B8 /* bluecc.jpg in Resources */ = {isa = PBXBuildFile; fileRef = 180EDD681B3882C600F109B8 /* bluecc.jpg */; };
		180EDD711B3882C600F109B8 /* goldcc.jpg in Resources */ = {isa = PBXBuildFile; fileRef = 180EDD691B3882C600F109B8 /* goldcc.jpg */; };
		180EDD721B3882C600F109B8 /* image1.png in Resources */ = {isa = PBXBuildFile; fileRef = 180EDD6A1B3882C600F109B8 /* image1.png */; };
		180EDD731B3882C600F109B8 /* image11.jpg in Resources */ = {isa = PBXBuildFile; fileRef = 180EDD6B1B3882C600F109B8 /* image11.jpg */; };
		180EDD741B3882C600F109B8 /* inv1.png in Resources */ = {isa = PBXBuildFile; fileRef = 180EDD6C1B3882C600F109B8 /* inv1.png */; };
		180EDD751B3882C600F109B8 /* inv2.png in Resources */ = {isa = PBXBuildFile; fileRef = 180EDD6D1B3882C600F109B8 /* inv2.png */; };
		180EDD761B3882C600F109B8 /* inv3.png in Resources */ = {isa = PBXBuildFile; fileRef = 180EDD6E1B3882C600F109B8 /* inv3.png */; };
		180EDD771B3882C600F109B8 /* plat3cc.jpg in Resources */ = {isa = PBXBuildFile; fileRef = 180EDD6F1B3882C600F109B8 /* plat3cc.jpg */; };
		180EDD791B38841000F109B8 /* ic_logo.png in Resources */ = {isa = PBXBuildFile; fileRef = 180EDD781B38841000F109B8 /* ic_logo.png */; };
		180EDD7B1B38893300F109B8 /* ProductViewController.swift in Sources */ = {isa = PBXBuildFile; fileRef = 180EDD7A1B38893300F109B8 /* ProductViewController.swift */; };
		180EDD7D1B38925A00F109B8 /* suit.jpg in Resources */ = {isa = PBXBuildFile; fileRef = 180EDD7C1B38925A00F109B8 /* suit.jpg */; };
		180EDD7F1B38A1F200F109B8 /* HomeViewController.swift in Sources */ = {isa = PBXBuildFile; fileRef = 180EDD7E1B38A1F200F109B8 /* HomeViewController.swift */; };
		180EDD8C1B38A2DA00F109B8 /* account@2x.png in Resources */ = {isa = PBXBuildFile; fileRef = 180EDD881B38A2DA00F109B8 /* account@2x.png */; };
		180EDD8D1B38A2DA00F109B8 /* home@2x.png in Resources */ = {isa = PBXBuildFile; fileRef = 180EDD891B38A2DA00F109B8 /* home@2x.png */; };
		180EDD8E1B38A2DA00F109B8 /* invest@2x.png in Resources */ = {isa = PBXBuildFile; fileRef = 180EDD8A1B38A2DA00F109B8 /* invest@2x.png */; };
		180EDD8F1B38A2DA00F109B8 /* products@2x.png in Resources */ = {isa = PBXBuildFile; fileRef = 180EDD8B1B38A2DA00F109B8 /* products@2x.png */; };
		180EDD911B38A9C300F109B8 /* TransactionsViewController.swift in Sources */ = {isa = PBXBuildFile; fileRef = 180EDD901B38A9C300F109B8 /* TransactionsViewController.swift */; };
		180EDD931B38B1A600F109B8 /* InvestViewController.swift in Sources */ = {isa = PBXBuildFile; fileRef = 180EDD921B38B1A600F109B8 /* InvestViewController.swift */; };
		180EDD9A1B38C30A00F109B8 /* SettingsViewController.swift in Sources */ = {isa = PBXBuildFile; fileRef = 180EDD991B38C30A00F109B8 /* SettingsViewController.swift */; };
		180EDD9C1B38C8A400F109B8 /* business.jpg in Resources */ = {isa = PBXBuildFile; fileRef = 180EDD9B1B38C8A400F109B8 /* business.jpg */; };
		181C12391B3DC0A100F731AB /* InterfaceController.swift in Sources */ = {isa = PBXBuildFile; fileRef = 181C12381B3DC0A100F731AB /* InterfaceController.swift */; };
		181C123B1B3DC0A100F731AB /* Images.xcassets in Resources */ = {isa = PBXBuildFile; fileRef = 181C123A1B3DC0A100F731AB /* Images.xcassets */; };
		181C123F1B3DC0A100F731AB /* WTBank Swift WatchKit App.app in Resources */ = {isa = PBXBuildFile; fileRef = 181C123E1B3DC0A100F731AB /* WTBank Swift WatchKit App.app */; };
		181C12471B3DC0A100F731AB /* Interface.storyboard in Resources */ = {isa = PBXBuildFile; fileRef = 181C12451B3DC0A100F731AB /* Interface.storyboard */; };
		181C12491B3DC0A100F731AB /* Images.xcassets in Resources */ = {isa = PBXBuildFile; fileRef = 181C12481B3DC0A100F731AB /* Images.xcassets */; };
		181C124C1B3DC0A100F731AB /* WTBank Swift WatchKit Extension.appex in Embed App Extensions */ = {isa = PBXBuildFile; fileRef = 181C12341B3DC0A100F731AB /* WTBank Swift WatchKit Extension.appex */; settings = {ATTRIBUTES = (RemoveHeadersOnCopy, ); }; };
		A97940D4F09624F293221A30 /* libPods-WTBank Swift WatchKit Extension.a in Frameworks */ = {isa = PBXBuildFile; fileRef = B6AAA934870EC05C4C4C119E /* libPods-WTBank Swift WatchKit Extension.a */; };
		D53E2E8558E54BA5782CD734 /* libPods-SwiftSample.a in Frameworks */ = {isa = PBXBuildFile; fileRef = A435D5F13F7983BCB5781748 /* libPods-SwiftSample.a */; };
/* End PBXBuildFile section */

/* Begin PBXContainerItemProxy section */
		1806559C1B34D9B700845CFF /* PBXContainerItemProxy */ = {
			isa = PBXContainerItemProxy;
			containerPortal = 1806557E1B34D9B700845CFF /* Project object */;
			proxyType = 1;
			remoteGlobalIDString = 180655851B34D9B700845CFF;
			remoteInfo = SwiftSample;
		};
		181C12401B3DC0A100F731AB /* PBXContainerItemProxy */ = {
			isa = PBXContainerItemProxy;
			containerPortal = 1806557E1B34D9B700845CFF /* Project object */;
			proxyType = 1;
			remoteGlobalIDString = 181C123D1B3DC0A100F731AB;
			remoteInfo = "WTBank Swift WatchKit App";
		};
		181C124A1B3DC0A100F731AB /* PBXContainerItemProxy */ = {
			isa = PBXContainerItemProxy;
			containerPortal = 1806557E1B34D9B700845CFF /* Project object */;
			proxyType = 1;
			remoteGlobalIDString = 181C12331B3DC0A100F731AB;
			remoteInfo = "WTBank Swift WatchKit Extension";
		};
/* End PBXContainerItemProxy section */

/* Begin PBXCopyFilesBuildPhase section */
		181C12531B3DC0A100F731AB /* Embed App Extensions */ = {
			isa = PBXCopyFilesBuildPhase;
			buildActionMask = 2147483647;
			dstPath = "";
			dstSubfolderSpec = 13;
			files = (
				181C124C1B3DC0A100F731AB /* WTBank Swift WatchKit Extension.appex in Embed App Extensions */,
			);
			name = "Embed App Extensions";
			runOnlyForDeploymentPostprocessing = 0;
		};
/* End PBXCopyFilesBuildPhase section */

/* Begin PBXFileReference section */
		180655861B34D9B700845CFF /* SwiftSample.app */ = {isa = PBXFileReference; explicitFileType = wrapper.application; includeInIndex = 0; path = SwiftSample.app; sourceTree = BUILT_PRODUCTS_DIR; };
		1806558A1B34D9B700845CFF /* Info.plist */ = {isa = PBXFileReference; lastKnownFileType = text.plist.xml; path = Info.plist; sourceTree = "<group>"; };
		1806558B1B34D9B700845CFF /* AppDelegate.swift */ = {isa = PBXFileReference; lastKnownFileType = sourcecode.swift; path = AppDelegate.swift; sourceTree = "<group>"; };
		1806558D1B34D9B700845CFF /* LoginViewController.swift */ = {isa = PBXFileReference; lastKnownFileType = sourcecode.swift; path = LoginViewController.swift; sourceTree = "<group>"; };
		180655901B34D9B700845CFF /* Base */ = {isa = PBXFileReference; lastKnownFileType = file.storyboard; name = Base; path = Base.lproj/Main.storyboard; sourceTree = "<group>"; };
		180655921B34D9B700845CFF /* Images.xcassets */ = {isa = PBXFileReference; lastKnownFileType = folder.assetcatalog; path = Images.xcassets; sourceTree = "<group>"; };
		180655951B34D9B700845CFF /* Base */ = {isa = PBXFileReference; lastKnownFileType = file.xib; name = Base; path = Base.lproj/LaunchScreen.xib; sourceTree = "<group>"; };
		1806559B1B34D9B700845CFF /* SwiftSampleTests.xctest */ = {isa = PBXFileReference; explicitFileType = wrapper.cfbundle; includeInIndex = 0; path = SwiftSampleTests.xctest; sourceTree = BUILT_PRODUCTS_DIR; };
		180655A01B34D9B700845CFF /* Info.plist */ = {isa = PBXFileReference; lastKnownFileType = text.plist.xml; path = Info.plist; sourceTree = "<group>"; };
		180655A11B34D9B700845CFF /* SwiftSampleTests.swift */ = {isa = PBXFileReference; lastKnownFileType = sourcecode.swift; path = SwiftSampleTests.swift; sourceTree = "<group>"; };
		180655AB1B34DAFE00845CFF /* BridgingHeader.h */ = {isa = PBXFileReference; lastKnownFileType = sourcecode.c.h; path = BridgingHeader.h; sourceTree = "<group>"; };
		180655AC1B34DBCF00845CFF /* webtrends.plist */ = {isa = PBXFileReference; fileEncoding = 4; lastKnownFileType = text.plist.xml; path = webtrends.plist; sourceTree = "<group>"; };
		180EDD681B3882C600F109B8 /* bluecc.jpg */ = {isa = PBXFileReference; lastKnownFileType = image.jpeg; name = bluecc.jpg; path = images/bluecc.jpg; sourceTree = "<group>"; };
		180EDD691B3882C600F109B8 /* goldcc.jpg */ = {isa = PBXFileReference; lastKnownFileType = image.jpeg; name = goldcc.jpg; path = images/goldcc.jpg; sourceTree = "<group>"; };
		180EDD6A1B3882C600F109B8 /* image1.png */ = {isa = PBXFileReference; lastKnownFileType = image.png; name = image1.png; path = images/image1.png; sourceTree = "<group>"; };
		180EDD6B1B3882C600F109B8 /* image11.jpg */ = {isa = PBXFileReference; lastKnownFileType = image.jpeg; name = image11.jpg; path = images/image11.jpg; sourceTree = "<group>"; };
		180EDD6C1B3882C600F109B8 /* inv1.png */ = {isa = PBXFileReference; lastKnownFileType = image.png; name = inv1.png; path = images/inv1.png; sourceTree = "<group>"; };
		180EDD6D1B3882C600F109B8 /* inv2.png */ = {isa = PBXFileReference; lastKnownFileType = image.png; name = inv2.png; path = images/inv2.png; sourceTree = "<group>"; };
		180EDD6E1B3882C600F109B8 /* inv3.png */ = {isa = PBXFileReference; lastKnownFileType = image.png; name = inv3.png; path = images/inv3.png; sourceTree = "<group>"; };
		180EDD6F1B3882C600F109B8 /* plat3cc.jpg */ = {isa = PBXFileReference; lastKnownFileType = image.jpeg; name = plat3cc.jpg; path = images/plat3cc.jpg; sourceTree = "<group>"; };
		180EDD781B38841000F109B8 /* ic_logo.png */ = {isa = PBXFileReference; lastKnownFileType = image.png; name = ic_logo.png; path = images/ic_logo.png; sourceTree = "<group>"; };
		180EDD7A1B38893300F109B8 /* ProductViewController.swift */ = {isa = PBXFileReference; fileEncoding = 4; lastKnownFileType = sourcecode.swift; path = ProductViewController.swift; sourceTree = "<group>"; };
		180EDD7C1B38925A00F109B8 /* suit.jpg */ = {isa = PBXFileReference; lastKnownFileType = image.jpeg; name = suit.jpg; path = images/suit.jpg; sourceTree = "<group>"; };
		180EDD7E1B38A1F200F109B8 /* HomeViewController.swift */ = {isa = PBXFileReference; fileEncoding = 4; lastKnownFileType = sourcecode.swift; path = HomeViewController.swift; sourceTree = "<group>"; };
		180EDD881B38A2DA00F109B8 /* account@2x.png */ = {isa = PBXFileReference; lastKnownFileType = image.png; name = "account@2x.png"; path = "images/account@2x.png"; sourceTree = "<group>"; };
		180EDD891B38A2DA00F109B8 /* home@2x.png */ = {isa = PBXFileReference; lastKnownFileType = image.png; name = "home@2x.png"; path = "images/home@2x.png"; sourceTree = "<group>"; };
		180EDD8A1B38A2DA00F109B8 /* invest@2x.png */ = {isa = PBXFileReference; lastKnownFileType = image.png; name = "invest@2x.png"; path = "images/invest@2x.png"; sourceTree = "<group>"; };
		180EDD8B1B38A2DA00F109B8 /* products@2x.png */ = {isa = PBXFileReference; lastKnownFileType = image.png; name = "products@2x.png"; path = "images/products@2x.png"; sourceTree = "<group>"; };
		180EDD901B38A9C300F109B8 /* TransactionsViewController.swift */ = {isa = PBXFileReference; fileEncoding = 4; lastKnownFileType = sourcecode.swift; path = TransactionsViewController.swift; sourceTree = "<group>"; };
		180EDD921B38B1A600F109B8 /* InvestViewController.swift */ = {isa = PBXFileReference; fileEncoding = 4; lastKnownFileType = sourcecode.swift; path = InvestViewController.swift; sourceTree = "<group>"; };
		180EDD991B38C30A00F109B8 /* SettingsViewController.swift */ = {isa = PBXFileReference; fileEncoding = 4; lastKnownFileType = sourcecode.swift; path = SettingsViewController.swift; sourceTree = "<group>"; };
		180EDD9B1B38C8A400F109B8 /* business.jpg */ = {isa = PBXFileReference; lastKnownFileType = image.jpeg; name = business.jpg; path = images/business.jpg; sourceTree = "<group>"; };
		181C12341B3DC0A100F731AB /* WTBank Swift WatchKit Extension.appex */ = {isa = PBXFileReference; explicitFileType = "wrapper.app-extension"; includeInIndex = 0; path = "WTBank Swift WatchKit Extension.appex"; sourceTree = BUILT_PRODUCTS_DIR; };
		181C12371B3DC0A100F731AB /* Info.plist */ = {isa = PBXFileReference; lastKnownFileType = text.plist.xml; path = Info.plist; sourceTree = "<group>"; };
		181C12381B3DC0A100F731AB /* InterfaceController.swift */ = {isa = PBXFileReference; lastKnownFileType = sourcecode.swift; path = InterfaceController.swift; sourceTree = "<group>"; };
		181C123A1B3DC0A100F731AB /* Images.xcassets */ = {isa = PBXFileReference; lastKnownFileType = folder.assetcatalog; path = Images.xcassets; sourceTree = "<group>"; };
		181C123E1B3DC0A100F731AB /* WTBank Swift WatchKit App.app */ = {isa = PBXFileReference; explicitFileType = wrapper.application; includeInIndex = 0; path = "WTBank Swift WatchKit App.app"; sourceTree = BUILT_PRODUCTS_DIR; };
		181C12441B3DC0A100F731AB /* Info.plist */ = {isa = PBXFileReference; lastKnownFileType = text.plist.xml; path = Info.plist; sourceTree = "<group>"; };
		181C12461B3DC0A100F731AB /* Base */ = {isa = PBXFileReference; lastKnownFileType = file.storyboard; name = Base; path = Base.lproj/Interface.storyboard; sourceTree = "<group>"; };
		181C12481B3DC0A100F731AB /* Images.xcassets */ = {isa = PBXFileReference; lastKnownFileType = folder.assetcatalog; path = Images.xcassets; sourceTree = "<group>"; };
		181C12541B3DC46600F731AB /* WTBank Swift WatchKit Extension-Bridging-Header.h */ = {isa = PBXFileReference; lastKnownFileType = sourcecode.c.h; path = "WTBank Swift WatchKit Extension-Bridging-Header.h"; sourceTree = "<group>"; };
		23CDA831751123B5A03FA647 /* libPods.a */ = {isa = PBXFileReference; explicitFileType = archive.ar; includeInIndex = 0; path = libPods.a; sourceTree = BUILT_PRODUCTS_DIR; };
		407D443FF7668A782490AFA7 /* Pods.release.xcconfig */ = {isa = PBXFileReference; includeInIndex = 1; lastKnownFileType = text.xcconfig; name = Pods.release.xcconfig; path = "Pods/Target Support Files/Pods/Pods.release.xcconfig"; sourceTree = "<group>"; };
		5F3FEFC9B1077C436B113345 /* Pods-SwiftSample.debug.xcconfig */ = {isa = PBXFileReference; includeInIndex = 1; lastKnownFileType = text.xcconfig; name = "Pods-SwiftSample.debug.xcconfig"; path = "Pods/Target Support Files/Pods-SwiftSample/Pods-SwiftSample.debug.xcconfig"; sourceTree = "<group>"; };
		6272A34C95F3884D9E46F05E /* Pods-SwiftSample.release.xcconfig */ = {isa = PBXFileReference; includeInIndex = 1; lastKnownFileType = text.xcconfig; name = "Pods-SwiftSample.release.xcconfig"; path = "Pods/Target Support Files/Pods-SwiftSample/Pods-SwiftSample.release.xcconfig"; sourceTree = "<group>"; };
		7AE5A49D30E57E0329EDB13F /* Pods-WTBank Swift WatchKit Extension.release.xcconfig */ = {isa = PBXFileReference; includeInIndex = 1; lastKnownFileType = text.xcconfig; name = "Pods-WTBank Swift WatchKit Extension.release.xcconfig"; path = "Pods/Target Support Files/Pods-WTBank Swift WatchKit Extension/Pods-WTBank Swift WatchKit Extension.release.xcconfig"; sourceTree = "<group>"; };
		A435D5F13F7983BCB5781748 /* libPods-SwiftSample.a */ = {isa = PBXFileReference; explicitFileType = archive.ar; includeInIndex = 0; path = "libPods-SwiftSample.a"; sourceTree = BUILT_PRODUCTS_DIR; };
		B6AAA934870EC05C4C4C119E /* libPods-WTBank Swift WatchKit Extension.a */ = {isa = PBXFileReference; explicitFileType = archive.ar; includeInIndex = 0; path = "libPods-WTBank Swift WatchKit Extension.a"; sourceTree = BUILT_PRODUCTS_DIR; };
		BCB209E4917F2222AE5CF48C /* Pods-WTBank Swift WatchKit Extension.debug.xcconfig */ = {isa = PBXFileReference; includeInIndex = 1; lastKnownFileType = text.xcconfig; name = "Pods-WTBank Swift WatchKit Extension.debug.xcconfig"; path = "Pods/Target Support Files/Pods-WTBank Swift WatchKit Extension/Pods-WTBank Swift WatchKit Extension.debug.xcconfig"; sourceTree = "<group>"; };
		FCCFC076F9400AE603098F49 /* Pods.debug.xcconfig */ = {isa = PBXFileReference; includeInIndex = 1; lastKnownFileType = text.xcconfig; name = Pods.debug.xcconfig; path = "Pods/Target Support Files/Pods/Pods.debug.xcconfig"; sourceTree = "<group>"; };
/* End PBXFileReference section */

/* Begin PBXFrameworksBuildPhase section */
		180655831B34D9B700845CFF /* Frameworks */ = {
			isa = PBXFrameworksBuildPhase;
			buildActionMask = 2147483647;
			files = (
				D53E2E8558E54BA5782CD734 /* libPods-SwiftSample.a in Frameworks */,
			);
			runOnlyForDeploymentPostprocessing = 0;
		};
		180655981B34D9B700845CFF /* Frameworks */ = {
			isa = PBXFrameworksBuildPhase;
			buildActionMask = 2147483647;
			files = (
			);
			runOnlyForDeploymentPostprocessing = 0;
		};
		181C12311B3DC0A100F731AB /* Frameworks */ = {
			isa = PBXFrameworksBuildPhase;
			buildActionMask = 2147483647;
			files = (
				A97940D4F09624F293221A30 /* libPods-WTBank Swift WatchKit Extension.a in Frameworks */,
			);
			runOnlyForDeploymentPostprocessing = 0;
		};
/* End PBXFrameworksBuildPhase section */

/* Begin PBXGroup section */
		1806557D1B34D9B700845CFF = {
			isa = PBXGroup;
			children = (
				180655881B34D9B700845CFF /* SwiftSample */,
				1806559E1B34D9B700845CFF /* SwiftSampleTests */,
				181C12351B3DC0A100F731AB /* WTBank Swift WatchKit Extension */,
				181C12421B3DC0A100F731AB /* WTBank Swift WatchKit App */,
				180655871B34D9B700845CFF /* Products */,
				8920AD6F77267568955B4263 /* Pods */,
				F4A6B51DEA5628C7E5512DA5 /* Frameworks */,
			);
			sourceTree = "<group>";
		};
		180655871B34D9B700845CFF /* Products */ = {
			isa = PBXGroup;
			children = (
				180655861B34D9B700845CFF /* SwiftSample.app */,
				1806559B1B34D9B700845CFF /* SwiftSampleTests.xctest */,
				181C12341B3DC0A100F731AB /* WTBank Swift WatchKit Extension.appex */,
				181C123E1B3DC0A100F731AB /* WTBank Swift WatchKit App.app */,
			);
			name = Products;
			sourceTree = "<group>";
		};
		180655881B34D9B700845CFF /* SwiftSample */ = {
			isa = PBXGroup;
			children = (
				180655AB1B34DAFE00845CFF /* BridgingHeader.h */,
				1806558B1B34D9B700845CFF /* AppDelegate.swift */,
				1806558D1B34D9B700845CFF /* LoginViewController.swift */,
				180EDD7E1B38A1F200F109B8 /* HomeViewController.swift */,
				180EDD901B38A9C300F109B8 /* TransactionsViewController.swift */,
				180EDD7A1B38893300F109B8 /* ProductViewController.swift */,
				180EDD921B38B1A600F109B8 /* InvestViewController.swift */,
				180EDD991B38C30A00F109B8 /* SettingsViewController.swift */,
				1806558F1B34D9B700845CFF /* Main.storyboard */,
				180655921B34D9B700845CFF /* Images.xcassets */,
				180655941B34D9B700845CFF /* LaunchScreen.xib */,
				180655891B34D9B700845CFF /* Supporting Files */,
			);
			path = SwiftSample;
			sourceTree = "<group>";
		};
		180655891B34D9B700845CFF /* Supporting Files */ = {
			isa = PBXGroup;
			children = (
				180EDD9B1B38C8A400F109B8 /* business.jpg */,
				180EDD881B38A2DA00F109B8 /* account@2x.png */,
				180EDD891B38A2DA00F109B8 /* home@2x.png */,
				180EDD8A1B38A2DA00F109B8 /* invest@2x.png */,
				180EDD8B1B38A2DA00F109B8 /* products@2x.png */,
				180EDD781B38841000F109B8 /* ic_logo.png */,
				180EDD681B3882C600F109B8 /* bluecc.jpg */,
				180EDD691B3882C600F109B8 /* goldcc.jpg */,
				180EDD6A1B3882C600F109B8 /* image1.png */,
				180EDD6B1B3882C600F109B8 /* image11.jpg */,
				180EDD6C1B3882C600F109B8 /* inv1.png */,
				180EDD6D1B3882C600F109B8 /* inv2.png */,
				180EDD6E1B3882C600F109B8 /* inv3.png */,
				180EDD6F1B3882C600F109B8 /* plat3cc.jpg */,
				180EDD7C1B38925A00F109B8 /* suit.jpg */,
				180655AC1B34DBCF00845CFF /* webtrends.plist */,
				1806558A1B34D9B700845CFF /* Info.plist */,
			);
			name = "Supporting Files";
			sourceTree = "<group>";
		};
		1806559E1B34D9B700845CFF /* SwiftSampleTests */ = {
			isa = PBXGroup;
			children = (
				180655A11B34D9B700845CFF /* SwiftSampleTests.swift */,
				1806559F1B34D9B700845CFF /* Supporting Files */,
			);
			path = SwiftSampleTests;
			sourceTree = "<group>";
		};
		1806559F1B34D9B700845CFF /* Supporting Files */ = {
			isa = PBXGroup;
			children = (
				180655A01B34D9B700845CFF /* Info.plist */,
			);
			name = "Supporting Files";
			sourceTree = "<group>";
		};
		181C12351B3DC0A100F731AB /* WTBank Swift WatchKit Extension */ = {
			isa = PBXGroup;
			children = (
				181C12381B3DC0A100F731AB /* InterfaceController.swift */,
				181C123A1B3DC0A100F731AB /* Images.xcassets */,
				181C12361B3DC0A100F731AB /* Supporting Files */,
			);
			path = "WTBank Swift WatchKit Extension";
			sourceTree = "<group>";
		};
		181C12361B3DC0A100F731AB /* Supporting Files */ = {
			isa = PBXGroup;
			children = (
				181C12541B3DC46600F731AB /* WTBank Swift WatchKit Extension-Bridging-Header.h */,
				181C12371B3DC0A100F731AB /* Info.plist */,
			);
			name = "Supporting Files";
			sourceTree = "<group>";
		};
		181C12421B3DC0A100F731AB /* WTBank Swift WatchKit App */ = {
			isa = PBXGroup;
			children = (
				181C12451B3DC0A100F731AB /* Interface.storyboard */,
				181C12481B3DC0A100F731AB /* Images.xcassets */,
				181C12431B3DC0A100F731AB /* Supporting Files */,
			);
			path = "WTBank Swift WatchKit App";
			sourceTree = "<group>";
		};
		181C12431B3DC0A100F731AB /* Supporting Files */ = {
			isa = PBXGroup;
			children = (
				181C12441B3DC0A100F731AB /* Info.plist */,
			);
			name = "Supporting Files";
			sourceTree = "<group>";
		};
		8920AD6F77267568955B4263 /* Pods */ = {
			isa = PBXGroup;
			children = (
				FCCFC076F9400AE603098F49 /* Pods.debug.xcconfig */,
				407D443FF7668A782490AFA7 /* Pods.release.xcconfig */,
				BCB209E4917F2222AE5CF48C /* Pods-WTBank Swift WatchKit Extension.debug.xcconfig */,
				7AE5A49D30E57E0329EDB13F /* Pods-WTBank Swift WatchKit Extension.release.xcconfig */,
				5F3FEFC9B1077C436B113345 /* Pods-SwiftSample.debug.xcconfig */,
				6272A34C95F3884D9E46F05E /* Pods-SwiftSample.release.xcconfig */,
			);
			name = Pods;
			sourceTree = "<group>";
		};
		F4A6B51DEA5628C7E5512DA5 /* Frameworks */ = {
			isa = PBXGroup;
			children = (
				23CDA831751123B5A03FA647 /* libPods.a */,
				A435D5F13F7983BCB5781748 /* libPods-SwiftSample.a */,
				B6AAA934870EC05C4C4C119E /* libPods-WTBank Swift WatchKit Extension.a */,
			);
			name = Frameworks;
			sourceTree = "<group>";
		};
/* End PBXGroup section */

/* Begin PBXNativeTarget section */
		180655851B34D9B700845CFF /* SwiftSample */ = {
			isa = PBXNativeTarget;
			buildConfigurationList = 180655A51B34D9B700845CFF /* Build configuration list for PBXNativeTarget "SwiftSample" */;
			buildPhases = (
				D528C7B5EEE536DD196A79BC /* Check Pods Manifest.lock */,
				180655821B34D9B700845CFF /* Sources */,
				180655831B34D9B700845CFF /* Frameworks */,
				180655841B34D9B700845CFF /* Resources */,
				16769D9B4837D2F7B132CBE4 /* Copy Pods Resources */,
				181C12531B3DC0A100F731AB /* Embed App Extensions */,
			);
			buildRules = (
			);
			dependencies = (
				181C124B1B3DC0A100F731AB /* PBXTargetDependency */,
			);
			name = SwiftSample;
			productName = SwiftSample;
			productReference = 180655861B34D9B700845CFF /* SwiftSample.app */;
			productType = "com.apple.product-type.application";
		};
		1806559A1B34D9B700845CFF /* SwiftSampleTests */ = {
			isa = PBXNativeTarget;
			buildConfigurationList = 180655A81B34D9B700845CFF /* Build configuration list for PBXNativeTarget "SwiftSampleTests" */;
			buildPhases = (
				180655971B34D9B700845CFF /* Sources */,
				180655981B34D9B700845CFF /* Frameworks */,
				180655991B34D9B700845CFF /* Resources */,
			);
			buildRules = (
			);
			dependencies = (
				1806559D1B34D9B700845CFF /* PBXTargetDependency */,
			);
			name = SwiftSampleTests;
			productName = SwiftSampleTests;
			productReference = 1806559B1B34D9B700845CFF /* SwiftSampleTests.xctest */;
			productType = "com.apple.product-type.bundle.unit-test";
		};
		181C12331B3DC0A100F731AB /* WTBank Swift WatchKit Extension */ = {
			isa = PBXNativeTarget;
			buildConfigurationList = 181C12521B3DC0A100F731AB /* Build configuration list for PBXNativeTarget "WTBank Swift WatchKit Extension" */;
			buildPhases = (
				EB2B0FB422D5D8F6C4783E48 /* Check Pods Manifest.lock */,
				181C12301B3DC0A100F731AB /* Sources */,
				181C12311B3DC0A100F731AB /* Frameworks */,
				181C12321B3DC0A100F731AB /* Resources */,
				E0BA46A84A8B8877EC523BC1 /* Copy Pods Resources */,
			);
			buildRules = (
			);
			dependencies = (
				181C12411B3DC0A100F731AB /* PBXTargetDependency */,
			);
			name = "WTBank Swift WatchKit Extension";
			productName = "WTBank Swift WatchKit Extension";
			productReference = 181C12341B3DC0A100F731AB /* WTBank Swift WatchKit Extension.appex */;
			productType = "com.apple.product-type.watchkit-extension";
		};
		181C123D1B3DC0A100F731AB /* WTBank Swift WatchKit App */ = {
			isa = PBXNativeTarget;
			buildConfigurationList = 181C12511B3DC0A100F731AB /* Build configuration list for PBXNativeTarget "WTBank Swift WatchKit App" */;
			buildPhases = (
				181C123C1B3DC0A100F731AB /* Resources */,
			);
			buildRules = (
			);
			dependencies = (
			);
			name = "WTBank Swift WatchKit App";
			productName = "WTBank Swift WatchKit App";
			productReference = 181C123E1B3DC0A100F731AB /* WTBank Swift WatchKit App.app */;
			productType = "com.apple.product-type.application.watchapp";
		};
/* End PBXNativeTarget section */

/* Begin PBXProject section */
		1806557E1B34D9B700845CFF /* Project object */ = {
			isa = PBXProject;
			attributes = {
				LastSwiftUpdateCheck = 0700;
				LastUpgradeCheck = 0700;
				ORGANIZATIONNAME = Webtrends;
				TargetAttributes = {
					180655851B34D9B700845CFF = {
						CreatedOnToolsVersion = 6.3.2;
					};
					1806559A1B34D9B700845CFF = {
						CreatedOnToolsVersion = 6.3.2;
						TestTargetID = 180655851B34D9B700845CFF;
					};
					181C12331B3DC0A100F731AB = {
						CreatedOnToolsVersion = 6.3.2;
					};
					181C123D1B3DC0A100F731AB = {
						CreatedOnToolsVersion = 6.3.2;
					};
				};
			};
			buildConfigurationList = 180655811B34D9B700845CFF /* Build configuration list for PBXProject "SwiftSample" */;
			compatibilityVersion = "Xcode 3.2";
			developmentRegion = English;
			hasScannedForEncodings = 0;
			knownRegions = (
				en,
				Base,
			);
			mainGroup = 1806557D1B34D9B700845CFF;
			productRefGroup = 180655871B34D9B700845CFF /* Products */;
			projectDirPath = "";
			projectRoot = "";
			targets = (
				180655851B34D9B700845CFF /* SwiftSample */,
				1806559A1B34D9B700845CFF /* SwiftSampleTests */,
				181C12331B3DC0A100F731AB /* WTBank Swift WatchKit Extension */,
				181C123D1B3DC0A100F731AB /* WTBank Swift WatchKit App */,
			);
		};
/* End PBXProject section */

/* Begin PBXResourcesBuildPhase section */
		180655841B34D9B700845CFF /* Resources */ = {
			isa = PBXResourcesBuildPhase;
			buildActionMask = 2147483647;
			files = (
				180EDD771B3882C600F109B8 /* plat3cc.jpg in Resources */,
				180EDD8C1B38A2DA00F109B8 /* account@2x.png in Resources */,
				180EDD721B3882C600F109B8 /* image1.png in Resources */,
				180655911B34D9B700845CFF /* Main.storyboard in Resources */,
				180EDD8D1B38A2DA00F109B8 /* home@2x.png in Resources */,
				180EDD8F1B38A2DA00F109B8 /* products@2x.png in Resources */,
				180EDD791B38841000F109B8 /* ic_logo.png in Resources */,
				180EDD741B3882C600F109B8 /* inv1.png in Resources */,
				180655961B34D9B700845CFF /* LaunchScreen.xib in Resources */,
				180EDD9C1B38C8A400F109B8 /* business.jpg in Resources */,
				180EDD8E1B38A2DA00F109B8 /* invest@2x.png in Resources */,
				180EDD7D1B38925A00F109B8 /* suit.jpg in Resources */,
				180655931B34D9B700845CFF /* Images.xcassets in Resources */,
				180EDD701B3882C600F109B8 /* bluecc.jpg in Resources */,
				180EDD751B3882C600F109B8 /* inv2.png in Resources */,
				180655AD1B34DBCF00845CFF /* webtrends.plist in Resources */,
				180EDD711B3882C600F109B8 /* goldcc.jpg in Resources */,
				180EDD761B3882C600F109B8 /* inv3.png in Resources */,
				180EDD731B3882C600F109B8 /* image11.jpg in Resources */,
			);
			runOnlyForDeploymentPostprocessing = 0;
		};
		180655991B34D9B700845CFF /* Resources */ = {
			isa = PBXResourcesBuildPhase;
			buildActionMask = 2147483647;
			files = (
			);
			runOnlyForDeploymentPostprocessing = 0;
		};
		181C12321B3DC0A100F731AB /* Resources */ = {
			isa = PBXResourcesBuildPhase;
			buildActionMask = 2147483647;
			files = (
				181C123F1B3DC0A100F731AB /* WTBank Swift WatchKit App.app in Resources */,
				181C123B1B3DC0A100F731AB /* Images.xcassets in Resources */,
			);
			runOnlyForDeploymentPostprocessing = 0;
		};
		181C123C1B3DC0A100F731AB /* Resources */ = {
			isa = PBXResourcesBuildPhase;
			buildActionMask = 2147483647;
			files = (
				181C12471B3DC0A100F731AB /* Interface.storyboard in Resources */,
				181C12491B3DC0A100F731AB /* Images.xcassets in Resources */,
			);
			runOnlyForDeploymentPostprocessing = 0;
		};
/* End PBXResourcesBuildPhase section */

/* Begin PBXShellScriptBuildPhase section */
		16769D9B4837D2F7B132CBE4 /* Copy Pods Resources */ = {
			isa = PBXShellScriptBuildPhase;
			buildActionMask = 2147483647;
			files = (
			);
			inputPaths = (
			);
			name = "Copy Pods Resources";
			outputPaths = (
			);
			runOnlyForDeploymentPostprocessing = 0;
			shellPath = /bin/sh;
			shellScript = "\"${SRCROOT}/Pods/Target Support Files/Pods-SwiftSample/Pods-SwiftSample-resources.sh\"\n";
			showEnvVarsInLog = 0;
		};
		D528C7B5EEE536DD196A79BC /* Check Pods Manifest.lock */ = {
			isa = PBXShellScriptBuildPhase;
			buildActionMask = 2147483647;
			files = (
			);
			inputPaths = (
			);
			name = "Check Pods Manifest.lock";
			outputPaths = (
			);
			runOnlyForDeploymentPostprocessing = 0;
			shellPath = /bin/sh;
			shellScript = "diff \"${PODS_ROOT}/../Podfile.lock\" \"${PODS_ROOT}/Manifest.lock\" > /dev/null\nif [[ $? != 0 ]] ; then\n    cat << EOM\nerror: The sandbox is not in sync with the Podfile.lock. Run 'pod install' or update your CocoaPods installation.\nEOM\n    exit 1\nfi\n";
			showEnvVarsInLog = 0;
		};
		E0BA46A84A8B8877EC523BC1 /* Copy Pods Resources */ = {
			isa = PBXShellScriptBuildPhase;
			buildActionMask = 2147483647;
			files = (
			);
			inputPaths = (
			);
			name = "Copy Pods Resources";
			outputPaths = (
			);
			runOnlyForDeploymentPostprocessing = 0;
			shellPath = /bin/sh;
			shellScript = "\"${SRCROOT}/Pods/Target Support Files/Pods-WTBank Swift WatchKit Extension/Pods-WTBank Swift WatchKit Extension-resources.sh\"\n";
			showEnvVarsInLog = 0;
		};
		EB2B0FB422D5D8F6C4783E48 /* Check Pods Manifest.lock */ = {
			isa = PBXShellScriptBuildPhase;
			buildActionMask = 2147483647;
			files = (
			);
			inputPaths = (
			);
			name = "Check Pods Manifest.lock";
			outputPaths = (
			);
			runOnlyForDeploymentPostprocessing = 0;
			shellPath = /bin/sh;
			shellScript = "diff \"${PODS_ROOT}/../Podfile.lock\" \"${PODS_ROOT}/Manifest.lock\" > /dev/null\nif [[ $? != 0 ]] ; then\n    cat << EOM\nerror: The sandbox is not in sync with the Podfile.lock. Run 'pod install' or update your CocoaPods installation.\nEOM\n    exit 1\nfi\n";
			showEnvVarsInLog = 0;
		};
/* End PBXShellScriptBuildPhase section */

/* Begin PBXSourcesBuildPhase section */
		180655821B34D9B700845CFF /* Sources */ = {
			isa = PBXSourcesBuildPhase;
			buildActionMask = 2147483647;
			files = (
				180EDD7B1B38893300F109B8 /* ProductViewController.swift in Sources */,
				1806558E1B34D9B700845CFF /* LoginViewController.swift in Sources */,
				180EDD9A1B38C30A00F109B8 /* SettingsViewController.swift in Sources */,
				1806558C1B34D9B700845CFF /* AppDelegate.swift in Sources */,
				180EDD931B38B1A600F109B8 /* InvestViewController.swift in Sources */,
				180EDD7F1B38A1F200F109B8 /* HomeViewController.swift in Sources */,
				180EDD911B38A9C300F109B8 /* TransactionsViewController.swift in Sources */,
			);
			runOnlyForDeploymentPostprocessing = 0;
		};
		180655971B34D9B700845CFF /* Sources */ = {
			isa = PBXSourcesBuildPhase;
			buildActionMask = 2147483647;
			files = (
				180655A21B34D9B700845CFF /* SwiftSampleTests.swift in Sources */,
			);
			runOnlyForDeploymentPostprocessing = 0;
		};
		181C12301B3DC0A100F731AB /* Sources */ = {
			isa = PBXSourcesBuildPhase;
			buildActionMask = 2147483647;
			files = (
				181C12391B3DC0A100F731AB /* InterfaceController.swift in Sources */,
			);
			runOnlyForDeploymentPostprocessing = 0;
		};
/* End PBXSourcesBuildPhase section */

/* Begin PBXTargetDependency section */
		1806559D1B34D9B700845CFF /* PBXTargetDependency */ = {
			isa = PBXTargetDependency;
			target = 180655851B34D9B700845CFF /* SwiftSample */;
			targetProxy = 1806559C1B34D9B700845CFF /* PBXContainerItemProxy */;
		};
		181C12411B3DC0A100F731AB /* PBXTargetDependency */ = {
			isa = PBXTargetDependency;
			target = 181C123D1B3DC0A100F731AB /* WTBank Swift WatchKit App */;
			targetProxy = 181C12401B3DC0A100F731AB /* PBXContainerItemProxy */;
		};
		181C124B1B3DC0A100F731AB /* PBXTargetDependency */ = {
			isa = PBXTargetDependency;
			target = 181C12331B3DC0A100F731AB /* WTBank Swift WatchKit Extension */;
			targetProxy = 181C124A1B3DC0A100F731AB /* PBXContainerItemProxy */;
		};
/* End PBXTargetDependency section */

/* Begin PBXVariantGroup section */
		1806558F1B34D9B700845CFF /* Main.storyboard */ = {
			isa = PBXVariantGroup;
			children = (
				180655901B34D9B700845CFF /* Base */,
			);
			name = Main.storyboard;
			sourceTree = "<group>";
		};
		180655941B34D9B700845CFF /* LaunchScreen.xib */ = {
			isa = PBXVariantGroup;
			children = (
				180655951B34D9B700845CFF /* Base */,
			);
			name = LaunchScreen.xib;
			sourceTree = "<group>";
		};
		181C12451B3DC0A100F731AB /* Interface.storyboard */ = {
			isa = PBXVariantGroup;
			children = (
				181C12461B3DC0A100F731AB /* Base */,
			);
			name = Interface.storyboard;
			sourceTree = "<group>";
		};
/* End PBXVariantGroup section */

/* Begin XCBuildConfiguration section */
		180655A31B34D9B700845CFF /* Debug */ = {
			isa = XCBuildConfiguration;
			buildSettings = {
				ALWAYS_SEARCH_USER_PATHS = NO;
				CLANG_CXX_LANGUAGE_STANDARD = "gnu++0x";
				CLANG_CXX_LIBRARY = "libc++";
				CLANG_ENABLE_MODULES = YES;
				CLANG_ENABLE_OBJC_ARC = YES;
				CLANG_WARN_BOOL_CONVERSION = YES;
				CLANG_WARN_CONSTANT_CONVERSION = YES;
				CLANG_WARN_DIRECT_OBJC_ISA_USAGE = YES_ERROR;
				CLANG_WARN_EMPTY_BODY = YES;
				CLANG_WARN_ENUM_CONVERSION = YES;
				CLANG_WARN_INT_CONVERSION = YES;
				CLANG_WARN_OBJC_ROOT_CLASS = YES_ERROR;
				CLANG_WARN_UNREACHABLE_CODE = YES;
				CLANG_WARN__DUPLICATE_METHOD_MATCH = YES;
				"CODE_SIGN_IDENTITY[sdk=iphoneos*]" = "iPhone Developer";
				COPY_PHASE_STRIP = NO;
				DEBUG_INFORMATION_FORMAT = "dwarf-with-dsym";
				ENABLE_STRICT_OBJC_MSGSEND = YES;
				ENABLE_TESTABILITY = YES;
				GCC_C_LANGUAGE_STANDARD = gnu99;
				GCC_DYNAMIC_NO_PIC = NO;
				GCC_NO_COMMON_BLOCKS = YES;
				GCC_OPTIMIZATION_LEVEL = 0;
				GCC_PREPROCESSOR_DEFINITIONS = (
					"DEBUG=1",
					"$(inherited)",
				);
				GCC_SYMBOLS_PRIVATE_EXTERN = NO;
				GCC_WARN_64_TO_32_BIT_CONVERSION = YES;
				GCC_WARN_ABOUT_RETURN_TYPE = YES_ERROR;
				GCC_WARN_UNDECLARED_SELECTOR = YES;
				GCC_WARN_UNINITIALIZED_AUTOS = YES_AGGRESSIVE;
				GCC_WARN_UNUSED_FUNCTION = YES;
				GCC_WARN_UNUSED_VARIABLE = YES;
				IPHONEOS_DEPLOYMENT_TARGET = 8.3;
				MTL_ENABLE_DEBUG_INFO = YES;
				ONLY_ACTIVE_ARCH = YES;
				SDKROOT = iphoneos;
				SWIFT_OPTIMIZATION_LEVEL = "-Onone";
			};
			name = Debug;
		};
		180655A41B34D9B700845CFF /* Release */ = {
			isa = XCBuildConfiguration;
			buildSettings = {
				ALWAYS_SEARCH_USER_PATHS = NO;
				CLANG_CXX_LANGUAGE_STANDARD = "gnu++0x";
				CLANG_CXX_LIBRARY = "libc++";
				CLANG_ENABLE_MODULES = YES;
				CLANG_ENABLE_OBJC_ARC = YES;
				CLANG_WARN_BOOL_CONVERSION = YES;
				CLANG_WARN_CONSTANT_CONVERSION = YES;
				CLANG_WARN_DIRECT_OBJC_ISA_USAGE = YES_ERROR;
				CLANG_WARN_EMPTY_BODY = YES;
				CLANG_WARN_ENUM_CONVERSION = YES;
				CLANG_WARN_INT_CONVERSION = YES;
				CLANG_WARN_OBJC_ROOT_CLASS = YES_ERROR;
				CLANG_WARN_UNREACHABLE_CODE = YES;
				CLANG_WARN__DUPLICATE_METHOD_MATCH = YES;
				"CODE_SIGN_IDENTITY[sdk=iphoneos*]" = "iPhone Developer";
				COPY_PHASE_STRIP = NO;
				DEBUG_INFORMATION_FORMAT = "dwarf-with-dsym";
				ENABLE_NS_ASSERTIONS = NO;
				ENABLE_STRICT_OBJC_MSGSEND = YES;
				GCC_C_LANGUAGE_STANDARD = gnu99;
				GCC_NO_COMMON_BLOCKS = YES;
				GCC_WARN_64_TO_32_BIT_CONVERSION = YES;
				GCC_WARN_ABOUT_RETURN_TYPE = YES_ERROR;
				GCC_WARN_UNDECLARED_SELECTOR = YES;
				GCC_WARN_UNINITIALIZED_AUTOS = YES_AGGRESSIVE;
				GCC_WARN_UNUSED_FUNCTION = YES;
				GCC_WARN_UNUSED_VARIABLE = YES;
				IPHONEOS_DEPLOYMENT_TARGET = 8.3;
				MTL_ENABLE_DEBUG_INFO = NO;
				SDKROOT = iphoneos;
				VALIDATE_PRODUCT = YES;
			};
			name = Release;
		};
		180655A61B34D9B700845CFF /* Debug */ = {
			isa = XCBuildConfiguration;
			baseConfigurationReference = 5F3FEFC9B1077C436B113345 /* Pods-SwiftSample.debug.xcconfig */;
			buildSettings = {
				ASSETCATALOG_COMPILER_APPICON_NAME = AppIcon;
				INFOPLIST_FILE = SwiftSample/Info.plist;
				LD_RUNPATH_SEARCH_PATHS = "$(inherited) @executable_path/Frameworks";
				PRODUCT_BUNDLE_IDENTIFIER = "com.webtrends.$(PRODUCT_NAME:rfc1034identifier)";
				PRODUCT_NAME = "$(TARGET_NAME)";
				SWIFT_OBJC_BRIDGING_HEADER = SwiftSample/BridgingHeader.h;
			};
			name = Debug;
		};
		180655A71B34D9B700845CFF /* Release */ = {
			isa = XCBuildConfiguration;
			baseConfigurationReference = 6272A34C95F3884D9E46F05E /* Pods-SwiftSample.release.xcconfig */;
			buildSettings = {
				ASSETCATALOG_COMPILER_APPICON_NAME = AppIcon;
				INFOPLIST_FILE = SwiftSample/Info.plist;
				LD_RUNPATH_SEARCH_PATHS = "$(inherited) @executable_path/Frameworks";
				PRODUCT_BUNDLE_IDENTIFIER = "com.webtrends.$(PRODUCT_NAME:rfc1034identifier)";
				PRODUCT_NAME = "$(TARGET_NAME)";
				SWIFT_OBJC_BRIDGING_HEADER = SwiftSample/BridgingHeader.h;
			};
			name = Release;
		};
		180655A91B34D9B700845CFF /* Debug */ = {
			isa = XCBuildConfiguration;
			buildSettings = {
				BUNDLE_LOADER = "$(TEST_HOST)";
				FRAMEWORK_SEARCH_PATHS = (
					"$(SDKROOT)/Developer/Library/Frameworks",
					"$(inherited)",
				);
				GCC_PREPROCESSOR_DEFINITIONS = (
					"DEBUG=1",
					"$(inherited)",
				);
				INFOPLIST_FILE = SwiftSampleTests/Info.plist;
				LD_RUNPATH_SEARCH_PATHS = "$(inherited) @executable_path/Frameworks @loader_path/Frameworks";
				PRODUCT_BUNDLE_IDENTIFIER = "com.webtrends.$(PRODUCT_NAME:rfc1034identifier)";
				PRODUCT_NAME = "$(TARGET_NAME)";
				TEST_HOST = "$(BUILT_PRODUCTS_DIR)/SwiftSample.app/SwiftSample";
			};
			name = Debug;
		};
		180655AA1B34D9B700845CFF /* Release */ = {
			isa = XCBuildConfiguration;
			buildSettings = {
				BUNDLE_LOADER = "$(TEST_HOST)";
				FRAMEWORK_SEARCH_PATHS = (
					"$(SDKROOT)/Developer/Library/Frameworks",
					"$(inherited)",
				);
				INFOPLIST_FILE = SwiftSampleTests/Info.plist;
				LD_RUNPATH_SEARCH_PATHS = "$(inherited) @executable_path/Frameworks @loader_path/Frameworks";
				PRODUCT_BUNDLE_IDENTIFIER = "com.webtrends.$(PRODUCT_NAME:rfc1034identifier)";
				PRODUCT_NAME = "$(TARGET_NAME)";
				TEST_HOST = "$(BUILT_PRODUCTS_DIR)/SwiftSample.app/SwiftSample";
			};
			name = Release;
		};
		181C124D1B3DC0A100F731AB /* Debug */ = {
			isa = XCBuildConfiguration;
			baseConfigurationReference = BCB209E4917F2222AE5CF48C /* Pods-WTBank Swift WatchKit Extension.debug.xcconfig */;
			buildSettings = {
				CLANG_ENABLE_MODULES = YES;
				GCC_PREPROCESSOR_DEFINITIONS = (
					"DEBUG=1",
					"$(inherited)",
				);
				INFOPLIST_FILE = "WTBank Swift WatchKit Extension/Info.plist";
				LD_RUNPATH_SEARCH_PATHS = "$(inherited) @executable_path/Frameworks @executable_path/../../Frameworks";
				PRODUCT_NAME = "${TARGET_NAME}";
				SKIP_INSTALL = YES;
				SWIFT_OBJC_BRIDGING_HEADER = "WTBank Swift WatchKit Extension/WTBank Swift WatchKit Extension-Bridging-Header.h";
				SWIFT_OPTIMIZATION_LEVEL = "-Onone";
			};
			name = Debug;
		};
		181C124E1B3DC0A100F731AB /* Release */ = {
			isa = XCBuildConfiguration;
			baseConfigurationReference = 7AE5A49D30E57E0329EDB13F /* Pods-WTBank Swift WatchKit Extension.release.xcconfig */;
			buildSettings = {
				CLANG_ENABLE_MODULES = YES;
				INFOPLIST_FILE = "WTBank Swift WatchKit Extension/Info.plist";
				LD_RUNPATH_SEARCH_PATHS = "$(inherited) @executable_path/Frameworks @executable_path/../../Frameworks";
				PRODUCT_NAME = "${TARGET_NAME}";
				SKIP_INSTALL = YES;
				SWIFT_OBJC_BRIDGING_HEADER = "WTBank Swift WatchKit Extension/WTBank Swift WatchKit Extension-Bridging-Header.h";
			};
			name = Release;
		};
		181C124F1B3DC0A100F731AB /* Debug */ = {
			isa = XCBuildConfiguration;
			buildSettings = {
				ASSETCATALOG_COMPILER_APPICON_NAME = AppIcon;
				GCC_PREPROCESSOR_DEFINITIONS = (
					"DEBUG=1",
					"$(inherited)",
				);
				IBSC_MODULE = WTBank_Swift_WatchKit_Extension;
				INFOPLIST_FILE = "WTBank Swift WatchKit App/Info.plist";
				IPHONEOS_DEPLOYMENT_TARGET = 8.2;
				PRODUCT_NAME = "$(TARGET_NAME)";
				SKIP_INSTALL = YES;
				TARGETED_DEVICE_FAMILY = 4;
				"TARGETED_DEVICE_FAMILY[sdk=iphonesimulator*]" = "1,4";
			};
			name = Debug;
		};
		181C12501B3DC0A100F731AB /* Release */ = {
			isa = XCBuildConfiguration;
			buildSettings = {
				ASSETCATALOG_COMPILER_APPICON_NAME = AppIcon;
				IBSC_MODULE = WTBank_Swift_WatchKit_Extension;
				INFOPLIST_FILE = "WTBank Swift WatchKit App/Info.plist";
				IPHONEOS_DEPLOYMENT_TARGET = 8.2;
				PRODUCT_NAME = "$(TARGET_NAME)";
				SKIP_INSTALL = YES;
				TARGETED_DEVICE_FAMILY = 4;
				"TARGETED_DEVICE_FAMILY[sdk=iphonesimulator*]" = "1,4";
			};
			name = Release;
		};
/* End XCBuildConfiguration section */

/* Begin XCConfigurationList section */
		180655811B34D9B700845CFF /* Build configuration list for PBXProject "SwiftSample" */ = {
			isa = XCConfigurationList;
			buildConfigurations = (
				180655A31B34D9B700845CFF /* Debug */,
				180655A41B34D9B700845CFF /* Release */,
			);
			defaultConfigurationIsVisible = 0;
			defaultConfigurationName = Release;
		};
		180655A51B34D9B700845CFF /* Build configuration list for PBXNativeTarget "SwiftSample" */ = {
			isa = XCConfigurationList;
			buildConfigurations = (
				180655A61B34D9B700845CFF /* Debug */,
				180655A71B34D9B700845CFF /* Release */,
			);
			defaultConfigurationIsVisible = 0;
			defaultConfigurationName = Release;
		};
		180655A81B34D9B700845CFF /* Build configuration list for PBXNativeTarget "SwiftSampleTests" */ = {
			isa = XCConfigurationList;
			buildConfigurations = (
				180655A91B34D9B700845CFF /* Debug */,
				180655AA1B34D9B700845CFF /* Release */,
			);
			defaultConfigurationIsVisible = 0;
			defaultConfigurationName = Release;
		};
		181C12511B3DC0A100F731AB /* Build configuration list for PBXNativeTarget "WTBank Swift WatchKit App" */ = {
			isa = XCConfigurationList;
			buildConfigurations = (
				181C124F1B3DC0A100F731AB /* Debug */,
				181C12501B3DC0A100F731AB /* Release */,
			);
			defaultConfigurationIsVisible = 0;
			defaultConfigurationName = Release;
		};
		181C12521B3DC0A100F731AB /* Build configuration list for PBXNativeTarget "WTBank Swift WatchKit Extension" */ = {
			isa = XCConfigurationList;
			buildConfigurations = (
				181C124D1B3DC0A100F731AB /* Debug */,
				181C124E1B3DC0A100F731AB /* Release */,
			);
			defaultConfigurationIsVisible = 0;
			defaultConfigurationName = Release;
		};
/* End XCConfigurationList section */
	};
	rootObject = 1806557E1B34D9B700845CFF /* Project object */;
}
